
Microsoft Visual Studio Solution File, Format Version 12.00
# Visual Studio Version 17
VisualStudioVersion = 17.5.33530.505
MinimumVisualStudioVersion = 10.0.40219.1
Project("{FAE04EC0-301F-11D3-BF4B-00C04F79EFBC}") = "JWT_Authentication_Authorization", "JWT_Authentication_Authorization.csproj", "{4CE4E270-3B4E-43BF-91FB-9B8491177317}"
EndProject
Global
	GlobalSection(SolutionConfigurationPlatforms) = preSolution
		Debug|Any CPU = Debug|Any CPU
		Release|Any CPU = Release|Any CPU
	EndGlobalSection
	GlobalSection(ProjectConfigurationPlatforms) = postSolution
		{4CE4E270-3B4E-43BF-91FB-9B8491177317}.Debug|Any CPU.ActiveCfg = Debug|Any CPU
		{4CE4E270-3B4E-43BF-91FB-9B8491177317}.Debug|Any CPU.Build.0 = Debug|Any CPU
		{4CE4E270-3B4E-43BF-91FB-9B8491177317}.Release|Any CPU.ActiveCfg = Release|Any CPU
		{4CE4E270-3B4E-43BF-91FB-9B8491177317}.Release|Any CPU.Build.0 = Release|Any CPU
	EndGlobalSection
	GlobalSection(SolutionProperties) = preSolution
		HideSolutionNode = FALSE
	EndGlobalSection
	GlobalSection(ExtensibilityGlobals) = postSolution
		SolutionGuid = {48CFE51F-1BB6-440C-A3FA-38D0B002C0DF}
	EndGlobalSection
EndGlobal
